
Microsoft Visual Studio Solution File, Format Version 12.00
# Visual Studio Version 16
VisualStudioVersion = 16.0.31624.102
MinimumVisualStudioVersion = 10.0.40219.1
Project("{FAE04EC0-301F-11D3-BF4B-00C04F79EFBC}") = "UltimateASP", "UltimateASP\UltimateASP.csproj", "{F4484F83-4FFC-4871-AC1F-61E67879D027}"
EndProject
Global
	GlobalSection(SolutionConfigurationPlatforms) = preSolution
		Debug|Any CPU = Debug|Any CPU
		Release|Any CPU = Release|Any CPU
	EndGlobalSection
	GlobalSection(ProjectConfigurationPlatforms) = postSolution
		{F4484F83-4FFC-4871-AC1F-61E67879D027}.Debug|Any CPU.ActiveCfg = Debug|Any CPU
		{F4484F83-4FFC-4871-AC1F-61E67879D027}.Debug|Any CPU.Build.0 = Debug|Any CPU
		{F4484F83-4FFC-4871-AC1F-61E67879D027}.Release|Any CPU.ActiveCfg = Release|Any CPU
		{F4484F83-4FFC-4871-AC1F-61E67879D027}.Release|Any CPU.Build.0 = Release|Any CPU
	EndGlobalSection
	GlobalSection(SolutionProperties) = preSolution
		HideSolutionNode = FALSE
	EndGlobalSection
	GlobalSection(ExtensibilityGlobals) = postSolution
		SolutionGuid = {E8A45952-09B9-4A4B-87C0-7A3F007875FC}
	EndGlobalSection
EndGlobal
